// !$*UTF8*$!
{
	archiveVersion = 1;
	classes = {
	};
	objectVersion = 46;
	objects = {

/* Begin PBXBuildFile section */
		93B00F0A1BF666C200814514 /* PlaySoundsViewController.swift in Sources */ = {isa = PBXBuildFile; fileRef = 93B00F091BF666C200814514 /* PlaySoundsViewController.swift */; };
		93B00F101BF67C7B00814514 /* tim.mp3 in Resources */ = {isa = PBXBuildFile; fileRef = 93B00F0F1BF67C7B00814514 /* tim.mp3 */; };
		93D3A7061BFAD7B6006A41DF /* RecordedAudio.swift in Sources */ = {isa = PBXBuildFile; fileRef = 93D3A7051BFAD7B6006A41DF /* RecordedAudio.swift */; };
		93FFEC1A1BE9780D008065F5 /* AppDelegate.swift in Sources */ = {isa = PBXBuildFile; fileRef = 93FFEC191BE9780D008065F5 /* AppDelegate.swift */; };
		93FFEC1C1BE9780D008065F5 /* RecordSoundsViewController.swift in Sources */ = {isa = PBXBuildFile; fileRef = 93FFEC1B1BE9780D008065F5 /* RecordSoundsViewController.swift */; };
		93FFEC1F1BE9780E008065F5 /* Main.storyboard in Resources */ = {isa = PBXBuildFile; fileRef = 93FFEC1D1BE9780E008065F5 /* Main.storyboard */; };
		93FFEC211BE9780E008065F5 /* Images.xcassets in Resources */ = {isa = PBXBuildFile; fileRef = 93FFEC201BE9780E008065F5 /* Images.xcassets */; };
		93FFEC241BE9780E008065F5 /* LaunchScreen.xib in Resources */ = {isa = PBXBuildFile; fileRef = 93FFEC221BE9780E008065F5 /* LaunchScreen.xib */; };
		93FFEC301BE9780E008065F5 /* Pitch_PerfectTests.swift in Sources */ = {isa = PBXBuildFile; fileRef = 93FFEC2F1BE9780E008065F5 /* Pitch_PerfectTests.swift */; };
/* End PBXBuildFile section */

/* Begin PBXContainerItemProxy section */
		93FFEC2A1BE9780E008065F5 /* PBXContainerItemProxy */ = {
			isa = PBXContainerItemProxy;
			containerPortal = 93FFEC0C1BE9780D008065F5 /* Project object */;
			proxyType = 1;
			remoteGlobalIDString = 93FFEC131BE9780D008065F5;
			remoteInfo = "Pitch Perfect";
		};
/* End PBXContainerItemProxy section */

/* Begin PBXFileReference section */
		93B00F091BF666C200814514 /* PlaySoundsViewController.swift */ = {isa = PBXFileReference; fileEncoding = 4; lastKnownFileType = sourcecode.swift; path = PlaySoundsViewController.swift; sourceTree = "<group>"; };
		93B00F0F1BF67C7B00814514 /* tim.mp3 */ = {isa = PBXFileReference; lastKnownFileType = audio.mp3; name = tim.mp3; path = ../tim.mp3; sourceTree = "<group>"; };
		93D3A7051BFAD7B6006A41DF /* RecordedAudio.swift */ = {isa = PBXFileReference; fileEncoding = 4; lastKnownFileType = sourcecode.swift; path = RecordedAudio.swift; sourceTree = "<group>"; };
		93FFEC141BE9780D008065F5 /* Pitch Perfect.app */ = {isa = PBXFileReference; explicitFileType = wrapper.application; includeInIndex = 0; path = "Pitch Perfect.app"; sourceTree = BUILT_PRODUCTS_DIR; };
		93FFEC181BE9780D008065F5 /* Info.plist */ = {isa = PBXFileReference; lastKnownFileType = text.plist.xml; path = Info.plist; sourceTree = "<group>"; };
		93FFEC191BE9780D008065F5 /* AppDelegate.swift */ = {isa = PBXFileReference; lastKnownFileType = sourcecode.swift; path = AppDelegate.swift; sourceTree = "<group>"; };
		93FFEC1B1BE9780D008065F5 /* RecordSoundsViewController.swift */ = {isa = PBXFileReference; lastKnownFileType = sourcecode.swift; path = RecordSoundsViewController.swift; sourceTree = "<group>"; };
		93FFEC1E1BE9780E008065F5 /* Base */ = {isa = PBXFileReference; lastKnownFileType = file.storyboard; name = Base; path = Base.lproj/Main.storyboard; sourceTree = "<group>"; };
		93FFEC201BE9780E008065F5 /* Images.xcassets */ = {isa = PBXFileReference; lastKnownFileType = folder.assetcatalog; path = Images.xcassets; sourceTree = "<group>"; };
		93FFEC231BE9780E008065F5 /* Base */ = {isa = PBXFileReference; lastKnownFileType = file.xib; name = Base; path = Base.lproj/LaunchScreen.xib; sourceTree = "<group>"; };
		93FFEC291BE9780E008065F5 /* Pitch PerfectTests.xctest */ = {isa = PBXFileReference; explicitFileType = wrapper.cfbundle; includeInIndex = 0; path = "Pitch PerfectTests.xctest"; sourceTree = BUILT_PRODUCTS_DIR; };
		93FFEC2E1BE9780E008065F5 /* Info.plist */ = {isa = PBXFileReference; lastKnownFileType = text.plist.xml; path = Info.plist; sourceTree = "<group>"; };
		93FFEC2F1BE9780E008065F5 /* Pitch_PerfectTests.swift */ = {isa = PBXFileReference; lastKnownFileType = sourcecode.swift; path = Pitch_PerfectTests.swift; sourceTree = "<group>"; };
/* End PBXFileReference section */

/* Begin PBXFrameworksBuildPhase section */
		93FFEC111BE9780D008065F5 /* Frameworks */ = {
			isa = PBXFrameworksBuildPhase;
			buildActionMask = 2147483647;
			files = (
			);
			runOnlyForDeploymentPostprocessing = 0;
		};
		93FFEC261BE9780E008065F5 /* Frameworks */ = {
			isa = PBXFrameworksBuildPhase;
			buildActionMask = 2147483647;
			files = (
			);
			runOnlyForDeploymentPostprocessing = 0;
		};
/* End PBXFrameworksBuildPhase section */

/* Begin PBXGroup section */
		93FFEC0B1BE9780D008065F5 = {
			isa = PBXGroup;
			children = (
				93FFEC161BE9780D008065F5 /* Pitch Perfect */,
				93FFEC2C1BE9780E008065F5 /* Pitch PerfectTests */,
				93FFEC151BE9780D008065F5 /* Products */,
			);
			sourceTree = "<group>";
		};
		93FFEC151BE9780D008065F5 /* Products */ = {
			isa = PBXGroup;
			children = (
				93FFEC141BE9780D008065F5 /* Pitch Perfect.app */,
				93FFEC291BE9780E008065F5 /* Pitch PerfectTests.xctest */,
			);
			name = Products;
			sourceTree = "<group>";
		};
		93FFEC161BE9780D008065F5 /* Pitch Perfect */ = {
			isa = PBXGroup;
			children = (
				93FFEC191BE9780D008065F5 /* AppDelegate.swift */,
				93FFEC1B1BE9780D008065F5 /* RecordSoundsViewController.swift */,
				93D3A7051BFAD7B6006A41DF /* RecordedAudio.swift */,
				93FFEC1D1BE9780E008065F5 /* Main.storyboard */,
				93B00F091BF666C200814514 /* PlaySoundsViewController.swift */,
				93FFEC201BE9780E008065F5 /* Images.xcassets */,
				93FFEC221BE9780E008065F5 /* LaunchScreen.xib */,
				93FFEC171BE9780D008065F5 /* Supporting Files */,
			);
			path = "Pitch Perfect";
			sourceTree = "<group>";
		};
		93FFEC171BE9780D008065F5 /* Supporting Files */ = {
			isa = PBXGroup;
			children = (
				93B00F0F1BF67C7B00814514 /* tim.mp3 */,
				93FFEC181BE9780D008065F5 /* Info.plist */,
			);
			name = "Supporting Files";
			sourceTree = "<group>";
		};
		93FFEC2C1BE9780E008065F5 /* Pitch PerfectTests */ = {
			isa = PBXGroup;
			children = (
				93FFEC2F1BE9780E008065F5 /* Pitch_PerfectTests.swift */,
				93FFEC2D1BE9780E008065F5 /* Supporting Files */,
			);
			path = "Pitch PerfectTests";
			sourceTree = "<group>";
		};
		93FFEC2D1BE9780E008065F5 /* Supporting Files */ = {
			isa = PBXGroup;
			children = (
				93FFEC2E1BE9780E008065F5 /* Info.plist */,
			);
			name = "Supporting Files";
			sourceTree = "<group>";
		};
/* End PBXGroup section */

/* Begin PBXNativeTarget section */
		93FFEC131BE9780D008065F5 /* Pitch Perfect */ = {
			isa = PBXNativeTarget;
			buildConfigurationList = 93FFEC331BE9780E008065F5 /* Build configuration list for PBXNativeTarget "Pitch Perfect" */;
			buildPhases = (
				93FFEC101BE9780D008065F5 /* Sources */,
				93FFEC111BE9780D008065F5 /* Frameworks */,
				93FFEC121BE9780D008065F5 /* Resources */,
			);
			buildRules = (
			);
			dependencies = (
			);
			name = "Pitch Perfect";
			productName = "Pitch Perfect";
			productReference = 93FFEC141BE9780D008065F5 /* Pitch Perfect.app */;
			productType = "com.apple.product-type.application";
		};
		93FFEC281BE9780E008065F5 /* Pitch PerfectTests */ = {
			isa = PBXNativeTarget;
			buildConfigurationList = 93FFEC361BE9780E008065F5 /* Build configuration list for PBXNativeTarget "Pitch PerfectTests" */;
			buildPhases = (
				93FFEC251BE9780E008065F5 /* Sources */,
				93FFEC261BE9780E008065F5 /* Frameworks */,
				93FFEC271BE9780E008065F5 /* Resources */,
			);
			buildRules = (
			);
			dependencies = (
				93FFEC2B1BE9780E008065F5 /* PBXTargetDependency */,
			);
			name = "Pitch PerfectTests";
			productName = "Pitch PerfectTests";
			productReference = 93FFEC291BE9780E008065F5 /* Pitch PerfectTests.xctest */;
			productType = "com.apple.product-type.bundle.unit-test";
		};
/* End PBXNativeTarget section */

/* Begin PBXProject section */
		93FFEC0C1BE9780D008065F5 /* Project object */ = {
			isa = PBXProject;
			attributes = {
				LastSwiftMigration = 0710;
				LastSwiftUpdateCheck = 0710;
				LastUpgradeCheck = 0600;
				ORGANIZATIONNAME = "Campbell Moss";
				TargetAttributes = {
					93FFEC131BE9780D008065F5 = {
						CreatedOnToolsVersion = 6.0;
						DevelopmentTeam = F89SCDFT58;
					};
					93FFEC281BE9780E008065F5 = {
						CreatedOnToolsVersion = 6.0;
						TestTargetID = 93FFEC131BE9780D008065F5;
					};
				};
			};
			buildConfigurationList = 93FFEC0F1BE9780D008065F5 /* Build configuration list for PBXProject "Pitch Perfect" */;
			compatibilityVersion = "Xcode 3.2";
			developmentRegion = English;
			hasScannedForEncodings = 0;
			knownRegions = (
				en,
				Base,
			);
			mainGroup = 93FFEC0B1BE9780D008065F5;
			productRefGroup = 93FFEC151BE9780D008065F5 /* Products */;
			projectDirPath = "";
			projectRoot = "";
			targets = (
				93FFEC131BE9780D008065F5 /* Pitch Perfect */,
				93FFEC281BE9780E008065F5 /* Pitch PerfectTests */,
			);
		};
/* End PBXProject section */

/* Begin PBXResourcesBuildPhase section */
		93FFEC121BE9780D008065F5 /* Resources */ = {
			isa = PBXResourcesBuildPhase;
			buildActionMask = 2147483647;
			files = (
				93FFEC1F1BE9780E008065F5 /* Main.storyboard in Resources */,
				93FFEC241BE9780E008065F5 /* LaunchScreen.xib in Resources */,
				93FFEC211BE9780E008065F5 /* Images.xcassets in Resources */,
				93B00F101BF67C7B00814514 /* tim.mp3 in Resources */,
			);
			runOnlyForDeploymentPostprocessing = 0;
		};
		93FFEC271BE9780E008065F5 /* Resources */ = {
			isa = PBXResourcesBuildPhase;
			buildActionMask = 2147483647;
			files = (
			);
			runOnlyForDeploymentPostprocessing = 0;
		};
/* End PBXResourcesBuildPhase section */

/* Begin PBXSourcesBuildPhase section */
		93FFEC101BE9780D008065F5 /* Sources */ = {
			isa = PBXSourcesBuildPhase;
			buildActionMask = 2147483647;
			files = (
				93D3A7061BFAD7B6006A41DF /* RecordedAudio.swift in Sources */,
				93FFEC1C1BE9780D008065F5 /* RecordSoundsViewController.swift in Sources */,
				93B00F0A1BF666C200814514 /* PlaySoundsViewController.swift in Sources */,
				93FFEC1A1BE9780D008065F5 /* AppDelegate.swift in Sources */,
			);
			runOnlyForDeploymentPostprocessing = 0;
		};
		93FFEC251BE9780E008065F5 /* Sources */ = {
			isa = PBXSourcesBuildPhase;
			buildActionMask = 2147483647;
			files = (
				93FFEC301BE9780E008065F5 /* Pitch_PerfectTests.swift in Sources */,
			);
			runOnlyForDeploymentPostprocessing = 0;
		};
/* End PBXSourcesBuildPhase section */

/* Begin PBXTargetDependency section */
		93FFEC2B1BE9780E008065F5 /* PBXTargetDependency */ = {
			isa = PBXTargetDependency;
			target = 93FFEC131BE9780D008065F5 /* Pitch Perfect */;
			targetProxy = 93FFEC2A1BE9780E008065F5 /* PBXContainerItemProxy */;
		};
/* End PBXTargetDependency section */

/* Begin PBXVariantGroup section */
		93FFEC1D1BE9780E008065F5 /* Main.storyboard */ = {
			isa = PBXVariantGroup;
			children = (
				93FFEC1E1BE9780E008065F5 /* Base */,
			);
			name = Main.storyboard;
			sourceTree = "<group>";
		};
		93FFEC221BE9780E008065F5 /* LaunchScreen.xib */ = {
			isa = PBXVariantGroup;
			children = (
				93FFEC231BE9780E008065F5 /* Base */,
			);
			name = LaunchScreen.xib;
			sourceTree = "<group>";
		};
/* End PBXVariantGroup section */

/* Begin XCBuildConfiguration section */
		93FFEC311BE9780E008065F5 /* Debug */ = {
			isa = XCBuildConfiguration;
			buildSettings = {
				ALWAYS_SEARCH_USER_PATHS = NO;
				CLANG_CXX_LANGUAGE_STANDARD = "gnu++0x";
				CLANG_CXX_LIBRARY = "libc++";
				CLANG_ENABLE_MODULES = YES;
				CLANG_ENABLE_OBJC_ARC = YES;
				CLANG_WARN_BOOL_CONVERSION = YES;
				CLANG_WARN_CONSTANT_CONVERSION = YES;
				CLANG_WARN_DIRECT_OBJC_ISA_USAGE = YES_ERROR;
				CLANG_WARN_EMPTY_BODY = YES;
				CLANG_WARN_ENUM_CONVERSION = YES;
				CLANG_WARN_INT_CONVERSION = YES;
				CLANG_WARN_OBJC_ROOT_CLASS = YES_ERROR;
				CLANG_WARN_UNREACHABLE_CODE = YES;
				CLANG_WARN__DUPLICATE_METHOD_MATCH = YES;
				"CODE_SIGN_IDENTITY[sdk=iphoneos*]" = "iPhone Developer";
				COPY_PHASE_STRIP = NO;
				ENABLE_STRICT_OBJC_MSGSEND = YES;
				GCC_C_LANGUAGE_STANDARD = gnu99;
				GCC_DYNAMIC_NO_PIC = NO;
				GCC_OPTIMIZATION_LEVEL = 0;
				GCC_PREPROCESSOR_DEFINITIONS = (
					"DEBUG=1",
					"$(inherited)",
				);
				GCC_SYMBOLS_PRIVATE_EXTERN = NO;
				GCC_WARN_64_TO_32_BIT_CONVERSION = YES;
				GCC_WARN_ABOUT_RETURN_TYPE = YES_ERROR;
				GCC_WARN_UNDECLARED_SELECTOR = YES;
				GCC_WARN_UNINITIALIZED_AUTOS = YES_AGGRESSIVE;
				GCC_WARN_UNUSED_FUNCTION = YES;
				GCC_WARN_UNUSED_VARIABLE = YES;
				IPHONEOS_DEPLOYMENT_TARGET = 8.0;
				MTL_ENABLE_DEBUG_INFO = YES;
				ONLY_ACTIVE_ARCH = YES;
				SDKROOT = iphoneos;
				SWIFT_OPTIMIZATION_LEVEL = "-Onone";
			};
			name = Debug;
		};
		93FFEC321BE9780E008065F5 /* Release */ = {
			isa = XCBuildConfiguration;
			buildSettings = {
				ALWAYS_SEARCH_USER_PATHS = NO;
				CLANG_CXX_LANGUAGE_STANDARD = "gnu++0x";
				CLANG_CXX_LIBRARY = "libc++";
				CLANG_ENABLE_MODULES = YES;
				CLANG_ENABLE_OBJC_ARC = YES;
				CLANG_WARN_BOOL_CONVERSION = YES;
				CLANG_WARN_CONSTANT_CONVERSION = YES;
				CLANG_WARN_DIRECT_OBJC_ISA_USAGE = YES_ERROR;
				CLANG_WARN_EMPTY_BODY = YES;
				CLANG_WARN_ENUM_CONVERSION = YES;
				CLANG_WARN_INT_CONVERSION = YES;
				CLANG_WARN_OBJC_ROOT_CLASS = YES_ERROR;
				CLANG_WARN_UNREACHABLE_CODE = YES;
				CLANG_WARN__DUPLICATE_METHOD_MATCH = YES;
				"CODE_SIGN_IDENTITY[sdk=iphoneos*]" = "iPhone Developer";
				COPY_PHASE_STRIP = YES;
				ENABLE_NS_ASSERTIONS = NO;
				ENABLE_STRICT_OBJC_MSGSEND = YES;
				GCC_C_LANGUAGE_STANDARD = gnu99;
				GCC_WARN_64_TO_32_BIT_CONVERSION = YES;
				GCC_WARN_ABOUT_RETURN_TYPE = YES_ERROR;
				GCC_WARN_UNDECLARED_SELECTOR = YES;
				GCC_WARN_UNINITIALIZED_AUTOS = YES_AGGRESSIVE;
				GCC_WARN_UNUSED_FUNCTION = YES;
				GCC_WARN_UNUSED_VARIABLE = YES;
				IPHONEOS_DEPLOYMENT_TARGET = 8.0;
				MTL_ENABLE_DEBUG_INFO = NO;
				SDKROOT = iphoneos;
				VALIDATE_PRODUCT = YES;
			};
			name = Release;
		};
		93FFEC341BE9780E008065F5 /* Debug */ = {
			isa = XCBuildConfiguration;
			buildSettings = {
				ASSETCATALOG_COMPILER_APPICON_NAME = AppIcon;
				CODE_SIGN_IDENTITY = "iPhone Developer";
				"CODE_SIGN_IDENTITY[sdk=iphoneos*]" = "iPhone Developer";
				INFOPLIST_FILE = "Pitch Perfect/Info.plist";
				LD_RUNPATH_SEARCH_PATHS = "$(inherited) @executable_path/Frameworks";
				PRODUCT_NAME = "$(TARGET_NAME)";
				PROVISIONING_PROFILE = "";
			};
			name = Debug;
		};
		93FFEC351BE9780E008065F5 /* Release */ = {
			isa = XCBuildConfiguration;
			buildSettings = {
				ASSETCATALOG_COMPILER_APPICON_NAME = AppIcon;
				CODE_SIGN_IDENTITY = "iPhone Developer";
				"CODE_SIGN_IDENTITY[sdk=iphoneos*]" = "iPhone Developer";
				INFOPLIST_FILE = "Pitch Perfect/Info.plist";
				LD_RUNPATH_SEARCH_PATHS = "$(inherited) @executable_path/Frameworks";
				PRODUCT_NAME = "$(TARGET_NAME)";
				PROVISIONING_PROFILE = "";
			};
			name = Release;
		};
		93FFEC371BE9780E008065F5 /* Debug */ = {
			isa = XCBuildConfiguration;
			buildSettings = {
				BUNDLE_LOADER = "$(TEST_HOST)";
				FRAMEWORK_SEARCH_PATHS = (
					"$(SDKROOT)/Developer/Library/Frameworks",
					"$(inherited)",
				);
				GCC_PREPROCESSOR_DEFINITIONS = (
					"DEBUG=1",
					"$(inherited)",
				);
				INFOPLIST_FILE = "Pitch PerfectTests/Info.plist";
				LD_RUNPATH_SEARCH_PATHS = "$(inherited) @executable_path/Frameworks @loader_path/Frameworks";
				PRODUCT_NAME = "$(TARGET_NAME)";
				TEST_HOST = "$(BUILT_PRODUCTS_DIR)/Pitch Perfect.app/Pitch Perfect";
			};
			name = Debug;
		};
		93FFEC381BE9780E008065F5 /* Release */ = {
			isa = XCBuildConfiguration;
			buildSettings = {
				BUNDLE_LOADER = "$(TEST_HOST)";
				FRAMEWORK_SEARCH_PATHS = (
					"$(SDKROOT)/Developer/Library/Frameworks",
					"$(inherited)",
				);
				INFOPLIST_FILE = "Pitch PerfectTests/Info.plist";
				LD_RUNPATH_SEARCH_PATHS = "$(inherited) @executable_path/Frameworks @loader_path/Frameworks";
				PRODUCT_NAME = "$(TARGET_NAME)";
				TEST_HOST = "$(BUILT_PRODUCTS_DIR)/Pitch Perfect.app/Pitch Perfect";
			};
			name = Release;
		};
/* End XCBuildConfiguration section */

/* Begin XCConfigurationList section */
		93FFEC0F1BE9780D008065F5 /* Build configuration list for PBXProject "Pitch Perfect" */ = {
			isa = XCConfigurationList;
			buildConfigurations = (
				93FFEC311BE9780E008065F5 /* Debug */,
				93FFEC321BE9780E008065F5 /* Release */,
			);
			defaultConfigurationIsVisible = 0;
			defaultConfigurationName = Release;
		};
		93FFEC331BE9780E008065F5 /* Build configuration list for PBXNativeTarget "Pitch Perfect" */ = {
			isa = XCConfigurationList;
			buildConfigurations = (
				93FFEC341BE9780E008065F5 /* Debug */,
				93FFEC351BE9780E008065F5 /* Release */,
			);
			defaultConfigurationIsVisible = 0;
			defaultConfigurationName = Release;
		};
		93FFEC361BE9780E008065F5 /* Build configuration list for PBXNativeTarget "Pitch PerfectTests" */ = {
			isa = XCConfigurationList;
			buildConfigurations = (
				93FFEC371BE9780E008065F5 /* Debug */,
				93FFEC381BE9780E008065F5 /* Release */,
			);
			defaultConfigurationIsVisible = 0;
			defaultConfigurationName = Release;
		};
/* End XCConfigurationList section */
	};
	rootObject = 93FFEC0C1BE9780D008065F5 /* Project object */;
}
